
Microsoft Visual Studio Solution File, Format Version 12.00
# Visual Studio Version 16
VisualStudioVersion = 16.0.30406.217
MinimumVisualStudioVersion = 10.0.40219.1
Project("{FAE04EC0-301F-11D3-BF4B-00C04F79EFBC}") = "KTLCD3Reset", "KTLCD3Reset\KTLCD3Reset.csproj", "{BD06B481-2BAB-495D-AE51-A26214C854B7}"
EndProject
Global
	GlobalSection(SolutionConfigurationPlatforms) = preSolution
		Debug|Any CPU = Debug|Any CPU
		Release|Any CPU = Release|Any CPU
	EndGlobalSection
	GlobalSection(ProjectConfigurationPlatforms) = postSolution
		{BD06B481-2BAB-495D-AE51-A26214C854B7}.Debug|Any CPU.ActiveCfg = Debug|Any CPU
		{BD06B481-2BAB-495D-AE51-A26214C854B7}.Debug|Any CPU.Build.0 = Debug|Any CPU
		{BD06B481-2BAB-495D-AE51-A26214C854B7}.Release|Any CPU.ActiveCfg = Release|Any CPU
		{BD06B481-2BAB-495D-AE51-A26214C854B7}.Release|Any CPU.Build.0 = Release|Any CPU
	EndGlobalSection
	GlobalSection(SolutionProperties) = preSolution
		HideSolutionNode = FALSE
	EndGlobalSection
	GlobalSection(ExtensibilityGlobals) = postSolution
		SolutionGuid = {E4D441CF-14B3-4096-9B53-E306A6F25542}
	EndGlobalSection
EndGlobal
